
Microsoft Visual Studio Solution File, Format Version 12.00
# Visual Studio Version 17
VisualStudioVersion = 17.7.34221.43
MinimumVisualStudioVersion = 10.0.40219.1
Project("{FAE04EC0-301F-11D3-BF4B-00C04F79EFBC}") = "TvoeTilo.Api", "TvoeTilo.Api\TvoeTilo.Api.csproj", "{BD0AFC72-4127-40BA-9DAB-BCEB875BF6E8}"
EndProject
Project("{FAE04EC0-301F-11D3-BF4B-00C04F79EFBC}") = "TvoeTilo.Domain", "TvoeTilo.Domain\TvoeTilo.Domain.csproj", "{890D8F3B-95B4-460D-8763-43001093E7BB}"
EndProject
Project("{FAE04EC0-301F-11D3-BF4B-00C04F79EFBC}") = "TvoeTilo.Infrastructure", "TvoeTilo.Infrastructure\TvoeTilo.Infrastructure.csproj", "{046CB70D-5434-4AE0-A947-32AF6D4FEDE1}"
EndProject
Global
	GlobalSection(SolutionConfigurationPlatforms) = preSolution
		Debug|Any CPU = Debug|Any CPU
		Release|Any CPU = Release|Any CPU
	EndGlobalSection
	GlobalSection(ProjectConfigurationPlatforms) = postSolution
		{BD0AFC72-4127-40BA-9DAB-BCEB875BF6E8}.Debug|Any CPU.ActiveCfg = Debug|Any CPU
		{BD0AFC72-4127-40BA-9DAB-BCEB875BF6E8}.Debug|Any CPU.Build.0 = Debug|Any CPU
		{BD0AFC72-4127-40BA-9DAB-BCEB875BF6E8}.Release|Any CPU.ActiveCfg = Release|Any CPU
		{BD0AFC72-4127-40BA-9DAB-BCEB875BF6E8}.Release|Any CPU.Build.0 = Release|Any CPU
		{890D8F3B-95B4-460D-8763-43001093E7BB}.Debug|Any CPU.ActiveCfg = Debug|Any CPU
		{890D8F3B-95B4-460D-8763-43001093E7BB}.Debug|Any CPU.Build.0 = Debug|Any CPU
		{890D8F3B-95B4-460D-8763-43001093E7BB}.Release|Any CPU.ActiveCfg = Release|Any CPU
		{890D8F3B-95B4-460D-8763-43001093E7BB}.Release|Any CPU.Build.0 = Release|Any CPU
		{046CB70D-5434-4AE0-A947-32AF6D4FEDE1}.Debug|Any CPU.ActiveCfg = Debug|Any CPU
		{046CB70D-5434-4AE0-A947-32AF6D4FEDE1}.Debug|Any CPU.Build.0 = Debug|Any CPU
		{046CB70D-5434-4AE0-A947-32AF6D4FEDE1}.Release|Any CPU.ActiveCfg = Release|Any CPU
		{046CB70D-5434-4AE0-A947-32AF6D4FEDE1}.Release|Any CPU.Build.0 = Release|Any CPU
	EndGlobalSection
	GlobalSection(SolutionProperties) = preSolution
		HideSolutionNode = FALSE
	EndGlobalSection
	GlobalSection(ExtensibilityGlobals) = postSolution
		SolutionGuid = {EE6130F6-25FF-4958-86AA-FC520ACBB258}
	EndGlobalSection
EndGlobal
